
Microsoft Visual Studio Solution File, Format Version 12.00
# Visual Studio Version 17
VisualStudioVersion = 17.3.32929.385
MinimumVisualStudioVersion = 10.0.40219.1
Project("{2150E333-8FDC-42A3-9474-1A3956D46DE8}") = "Solution Items", "Solution Items", "{C0BFD13F-48EE-40EA-8AF1-FB2055D0C416}"
	ProjectSection(SolutionItems) = preProject
		.editorconfig = .editorconfig
		.gitignore = .gitignore
		LICENSE = LICENSE
		README.md = README.md
		SECURITY.md = SECURITY.md
	EndProjectSection
EndProject
Project("{2150E333-8FDC-42A3-9474-1A3956D46DE8}") = ".circleci", ".circleci", "{9FE16D9A-24BA-4136-A2E7-CEE7918C214E}"
	ProjectSection(SolutionItems) = preProject
		.circleci\config.yml = .circleci\config.yml
	EndProjectSection
EndProject
Project("{2150E333-8FDC-42A3-9474-1A3956D46DE8}") = ".github", ".github", "{113800AA-3ECA-4FB0-A77B-2F746BA7B494}"
EndProject
Project("{2150E333-8FDC-42A3-9474-1A3956D46DE8}") = "workflows", "workflows", "{4F31B3C6-EB3B-4934-A272-70252A2E0F6F}"
	ProjectSection(SolutionItems) = preProject
		.github\workflows\dotnet.yml = .github\workflows\dotnet.yml
		.github\workflows\main.yml = .github\workflows\main.yml
		.github\workflows\publish.yml = .github\workflows\publish.yml
	EndProjectSection
EndProject
Project("{9A19103F-16F7-4668-BE54-9A1E7A4F7556}") = "Overmock.Examples", "src\Overmock.Examples\Overmock.Examples.csproj", "{F10FE560-22F9-466B-8D59-33079BA60361}"
EndProject
Project("{FAE04EC0-301F-11D3-BF4B-00C04F79EFBC}") = "Overmock.Examples.Tests", "tests\Overmock.Examples.Tests\Overmock.Examples.Tests.csproj", "{B1A82D0A-ECF2-4FC9-BCD9-419C80540F90}"
EndProject
Global
	GlobalSection(SolutionConfigurationPlatforms) = preSolution
		Debug|Any CPU = Debug|Any CPU
		Release|Any CPU = Release|Any CPU
	EndGlobalSection
	GlobalSection(ProjectConfigurationPlatforms) = postSolution
		{F10FE560-22F9-466B-8D59-33079BA60361}.Debug|Any CPU.ActiveCfg = Debug|Any CPU
		{F10FE560-22F9-466B-8D59-33079BA60361}.Debug|Any CPU.Build.0 = Debug|Any CPU
		{F10FE560-22F9-466B-8D59-33079BA60361}.Release|Any CPU.ActiveCfg = Release|Any CPU
		{F10FE560-22F9-466B-8D59-33079BA60361}.Release|Any CPU.Build.0 = Release|Any CPU
		{B1A82D0A-ECF2-4FC9-BCD9-419C80540F90}.Debug|Any CPU.ActiveCfg = Debug|Any CPU
		{B1A82D0A-ECF2-4FC9-BCD9-419C80540F90}.Debug|Any CPU.Build.0 = Debug|Any CPU
		{B1A82D0A-ECF2-4FC9-BCD9-419C80540F90}.Release|Any CPU.ActiveCfg = Release|Any CPU
		{B1A82D0A-ECF2-4FC9-BCD9-419C80540F90}.Release|Any CPU.Build.0 = Release|Any CPU
	EndGlobalSection
	GlobalSection(SolutionProperties) = preSolution
		HideSolutionNode = FALSE
	EndGlobalSection
	GlobalSection(NestedProjects) = preSolution
		{9FE16D9A-24BA-4136-A2E7-CEE7918C214E} = {C0BFD13F-48EE-40EA-8AF1-FB2055D0C416}
		{113800AA-3ECA-4FB0-A77B-2F746BA7B494} = {C0BFD13F-48EE-40EA-8AF1-FB2055D0C416}
		{4F31B3C6-EB3B-4934-A272-70252A2E0F6F} = {113800AA-3ECA-4FB0-A77B-2F746BA7B494}
	EndGlobalSection
	GlobalSection(ExtensibilityGlobals) = postSolution
		SolutionGuid = {9E57E1B2-F049-44D1-8E22-4869356F66D9}
	EndGlobalSection
EndGlobal
